
Microsoft Visual Studio Solution File, Format Version 12.00
# Visual Studio Version 17
VisualStudioVersion = 17.2.32630.192
MinimumVisualStudioVersion = 10.0.40219.1
Project("{9A19103F-16F7-4668-BE54-9A1E7A4F7556}") = "SmartPaqAuthAPI", "SmartPaqAuthAPI\SmartPaqAuthAPI.csproj", "{8B8AED3D-3939-403B-B576-E65FC0EDC227}"
EndProject
Global
	GlobalSection(SolutionConfigurationPlatforms) = preSolution
		Debug|Any CPU = Debug|Any CPU
		Release|Any CPU = Release|Any CPU
	EndGlobalSection
	GlobalSection(ProjectConfigurationPlatforms) = postSolution
		{9016AD04-EFD1-43C4-ADA1-3630ED422B29}.Debug|Any CPU.ActiveCfg = Debug|Any CPU
		{9016AD04-EFD1-43C4-ADA1-3630ED422B29}.Debug|Any CPU.Build.0 = Debug|Any CPU
		{9016AD04-EFD1-43C4-ADA1-3630ED422B29}.Release|Any CPU.ActiveCfg = Release|Any CPU
		{9016AD04-EFD1-43C4-ADA1-3630ED422B29}.Release|Any CPU.Build.0 = Release|Any CPU
		{8B8AED3D-3939-403B-B576-E65FC0EDC227}.Debug|Any CPU.ActiveCfg = Debug|Any CPU
		{8B8AED3D-3939-403B-B576-E65FC0EDC227}.Debug|Any CPU.Build.0 = Debug|Any CPU
		{8B8AED3D-3939-403B-B576-E65FC0EDC227}.Release|Any CPU.ActiveCfg = Release|Any CPU
		{8B8AED3D-3939-403B-B576-E65FC0EDC227}.Release|Any CPU.Build.0 = Release|Any CPU
	EndGlobalSection
	GlobalSection(SolutionProperties) = preSolution
		HideSolutionNode = FALSE
	EndGlobalSection
	GlobalSection(ExtensibilityGlobals) = postSolution
		SolutionGuid = {0803389B-CA56-4C4B-BD30-3B7D53D39E5C}
	EndGlobalSection
EndGlobal
